{
  "requires": true,
  "lockfileVersion": 1,
  "dependencies": {
    "debounce": {
      "version": "1.2.0",
      "resolved": "https://registry.npmjs.org/debounce/-/debounce-1.2.0.tgz",
      "integrity": "sha512-mYtLl1xfZLi1m4RtQYlZgJUNQjl4ZxVnHzIR8nLLgi4q1YT8o/WM+MK/f8yfcc9s5Ir5zRaPZyZU6xs1Syoocg=="
    },
    "react-native-screens": {
      "version": "2.4.0",
      "resolved": "https://registry.npmjs.org/react-native-screens/-/react-native-screens-2.4.0.tgz",
      "integrity": "sha512-7GcXlaj7IIrM4l5Ub7BPTkNQJ2slHGt2bhmfWmW73NTXEv+7pjHlp+JpQO32Yn+O8UQGPFf0rsesfYUdER7ppQ==",
      "requires": {
        "debounce": "^1.2.0"
      }
    }
  }
}
